// !$*UTF8*$!
{
	archiveVersion = 1;
	classes = {
	};
	objectVersion = 50;
	objects = {

/* Begin PBXBuildFile section */
		9E044E5E22F0B4A7000D6780 /* User.m in Sources */ = {isa = PBXBuildFile; fileRef = 9E044E5D22F0B4A7000D6780 /* User.m */; };
		9E044E6122F0B738000D6780 /* SampleProject.m in Sources */ = {isa = PBXBuildFile; fileRef = 9E044E6022F0B738000D6780 /* SampleProject.m */; };
		9E044E6422F0B7CE000D6780 /* Skill.m in Sources */ = {isa = PBXBuildFile; fileRef = 9E044E6322F0B7CE000D6780 /* Skill.m */; };
		9E044E6722F0B816000D6780 /* Software.m in Sources */ = {isa = PBXBuildFile; fileRef = 9E044E6622F0B816000D6780 /* Software.m */; };
		9E0DDE3B22EDE7B100C9DF84 /* libbson-1.0.0.0.0.dylib in Frameworks */ = {isa = PBXBuildFile; fileRef = 9E0DDE3922EDE7B100C9DF84 /* libbson-1.0.0.0.0.dylib */; };
		9E0DDE3C22EDE7B100C9DF84 /* libmongoc-1.0.0.0.0.dylib in Frameworks */ = {isa = PBXBuildFile; fileRef = 9E0DDE3A22EDE7B100C9DF84 /* libmongoc-1.0.0.0.0.dylib */; };
		9E0DDE3D22EDE7BB00C9DF84 /* libbson-1.0.0.0.0.dylib in Embed Frameworks */ = {isa = PBXBuildFile; fileRef = 9E0DDE3922EDE7B100C9DF84 /* libbson-1.0.0.0.0.dylib */; settings = {ATTRIBUTES = (CodeSignOnCopy, ); }; };
		9E0DDE3E22EDE7BB00C9DF84 /* libmongoc-1.0.0.0.0.dylib in Embed Frameworks */ = {isa = PBXBuildFile; fileRef = 9E0DDE3A22EDE7B100C9DF84 /* libmongoc-1.0.0.0.0.dylib */; settings = {ATTRIBUTES = (CodeSignOnCopy, ); }; };
		9E15D0CC22E45C8C00CC1453 /* DLLogger.framework in Frameworks */ = {isa = PBXBuildFile; fileRef = 9E15D0CB22E45C8C00CC1453 /* DLLogger.framework */; };
		9E15D0CE22E45C9300CC1453 /* DLLogger.framework in Embed Frameworks */ = {isa = PBXBuildFile; fileRef = 9E15D0CB22E45C8C00CC1453 /* DLLogger.framework */; settings = {ATTRIBUTES = (CodeSignOnCopy, RemoveHeadersOnCopy, ); }; };
		9E15D0D122E46C3300CC1453 /* DLDynamicSpace.framework in Frameworks */ = {isa = PBXBuildFile; fileRef = 9E15D0D022E46C3300CC1453 /* DLDynamicSpace.framework */; };
		9E15D0D322E46C4500CC1453 /* DLDynamicSpace.framework in Embed Frameworks */ = {isa = PBXBuildFile; fileRef = 9E15D0D022E46C3300CC1453 /* DLDynamicSpace.framework */; settings = {ATTRIBUTES = (CodeSignOnCopy, RemoveHeadersOnCopy, ); }; };
		9E22C2FD22E272F700772681 /* WebKitWindowController.swift in Sources */ = {isa = PBXBuildFile; fileRef = 9E22C2FC22E272F700772681 /* WebKitWindowController.swift */; };
		9E296E3D22F35F99001BED13 /* CrawlService.m in Sources */ = {isa = PBXBuildFile; fileRef = 9E296E3C22F35F99001BED13 /* CrawlService.m */; };
		9E296E4022F363BE001BED13 /* Constants.m in Sources */ = {isa = PBXBuildFile; fileRef = 9E296E3F22F363BE001BED13 /* Constants.m */; };
		9E296E4322F58437001BED13 /* Filters.m in Sources */ = {isa = PBXBuildFile; fileRef = 9E296E4222F58437001BED13 /* Filters.m */; };
		9E296E4622F58509001BED13 /* Country.m in Sources */ = {isa = PBXBuildFile; fileRef = 9E296E4522F58509001BED13 /* Country.m */; };
		9E296E4C22F59605001BED13 /* Availability.m in Sources */ = {isa = PBXBuildFile; fileRef = 9E296E4B22F59605001BED13 /* Availability.m */; };
		9E2F29FF22E474C500D5B28A /* Localizable.strings in Resources */ = {isa = PBXBuildFile; fileRef = 9E2F29FD22E474C400D5B28A /* Localizable.strings */; };
		9E39024E22E230DE009D1A36 /* AppDelegate.swift in Sources */ = {isa = PBXBuildFile; fileRef = 9E39024D22E230DE009D1A36 /* AppDelegate.swift */; };
		9E39025122E230DE009D1A36 /* ArtStationBot.xcdatamodeld in Sources */ = {isa = PBXBuildFile; fileRef = 9E39024F22E230DE009D1A36 /* ArtStationBot.xcdatamodeld */; };
		9E39025322E230E5009D1A36 /* Assets.xcassets in Resources */ = {isa = PBXBuildFile; fileRef = 9E39025222E230E5009D1A36 /* Assets.xcassets */; };
		9E39026222E230E5009D1A36 /* ArtStationBotTests.swift in Sources */ = {isa = PBXBuildFile; fileRef = 9E39026122E230E5009D1A36 /* ArtStationBotTests.swift */; };
		9E39026D22E230E5009D1A36 /* ArtStationBotUITests.swift in Sources */ = {isa = PBXBuildFile; fileRef = 9E39026C22E230E5009D1A36 /* ArtStationBotUITests.swift */; };
		9E39027F22E236A8009D1A36 /* WebKitViewController.swift in Sources */ = {isa = PBXBuildFile; fileRef = 9E39027E22E236A8009D1A36 /* WebKitViewController.swift */; };
		9E39028C22E23A05009D1A36 /* MainWindowController.swift in Sources */ = {isa = PBXBuildFile; fileRef = 9E39028B22E23A05009D1A36 /* MainWindowController.swift */; };
		9E39029522E23C61009D1A36 /* UI.swift in Sources */ = {isa = PBXBuildFile; fileRef = 9E39029422E23C61009D1A36 /* UI.swift */; };
		9E39029722E23CFE009D1A36 /* MainViewController.swift in Sources */ = {isa = PBXBuildFile; fileRef = 9E39029622E23CFE009D1A36 /* MainViewController.swift */; };
		9E39029922E240C7009D1A36 /* main.swift in Sources */ = {isa = PBXBuildFile; fileRef = 9E39029822E240C7009D1A36 /* main.swift */; };
		9E3B992622E48713007C94A7 /* NetworkService.swift in Sources */ = {isa = PBXBuildFile; fileRef = 9E3B992522E48713007C94A7 /* NetworkService.swift */; };
		9E3B992822E48A3E007C94A7 /* Enums.swift in Sources */ = {isa = PBXBuildFile; fileRef = 9E3B992722E48A3E007C94A7 /* Enums.swift */; };
		9E4C607B22F0D6B90027B2BB /* FoundationDBService.m in Sources */ = {isa = PBXBuildFile; fileRef = 9E5BD92422E644CA00C972A9 /* FoundationDBService.m */; };
		9E4C607C22F0D6C50027B2BB /* SampleProject.m in Sources */ = {isa = PBXBuildFile; fileRef = 9E044E6022F0B738000D6780 /* SampleProject.m */; };
		9E4C607D22F0D6C50027B2BB /* Skill.m in Sources */ = {isa = PBXBuildFile; fileRef = 9E044E6322F0B7CE000D6780 /* Skill.m */; };
		9E4C607E22F0D6C50027B2BB /* Software.m in Sources */ = {isa = PBXBuildFile; fileRef = 9E044E6622F0B816000D6780 /* Software.m */; };
		9E4C607F22F0D6C50027B2BB /* User.m in Sources */ = {isa = PBXBuildFile; fileRef = 9E044E5D22F0B4A7000D6780 /* User.m */; };
		9E5BD92522E644CA00C972A9 /* FoundationDBService.m in Sources */ = {isa = PBXBuildFile; fileRef = 9E5BD92422E644CA00C972A9 /* FoundationDBService.m */; };
		9E66CE0622EB92B300F748D9 /* config.plist in Resources */ = {isa = PBXBuildFile; fileRef = 9E66CE0522EB92B300F748D9 /* config.plist */; };
		9E70CFCA22FDFD2A00BD1001 /* UserMessageState.m in Sources */ = {isa = PBXBuildFile; fileRef = 9E70CFC922FDFD2A00BD1001 /* UserMessageState.m */; };
		9E70E79922F74BBF009FF504 /* ModelUtils.m in Sources */ = {isa = PBXBuildFile; fileRef = 9E70E79822F74BBF009FF504 /* ModelUtils.m */; };
		9E70E79C22F74C60009FF504 /* StateData.m in Sources */ = {isa = PBXBuildFile; fileRef = 9E70E79B22F74C60009FF504 /* StateData.m */; };
		9E70E79F22F7526F009FF504 /* UserSearchResponse.m in Sources */ = {isa = PBXBuildFile; fileRef = 9E70E79E22F7526F009FF504 /* UserSearchResponse.m */; };
		9E70E7A222F88862009FF504 /* CrawlerState.m in Sources */ = {isa = PBXBuildFile; fileRef = 9E70E7A122F88862009FF504 /* CrawlerState.m */; };
		9E70E7A522F88A8D009FF504 /* FrontierService.m in Sources */ = {isa = PBXBuildFile; fileRef = 9E70E7A422F88A8D009FF504 /* FrontierService.m */; };
		9E70E7AB22F8907C009FF504 /* UserFetchState.m in Sources */ = {isa = PBXBuildFile; fileRef = 9E70E7AA22F8907C009FF504 /* UserFetchState.m */; };
		9ECAFABB22E2FA6500953081 /* artstationbot.js in Resources */ = {isa = PBXBuildFile; fileRef = 9ECAFABA22E2FA6500953081 /* artstationbot.js */; };
		9ECAFABD22E3098500953081 /* ScriptResult.swift in Sources */ = {isa = PBXBuildFile; fileRef = 9ECAFABC22E3098500953081 /* ScriptResult.swift */; };
		9ECAFABF22E319D500953081 /* WebViewMessageService.swift in Sources */ = {isa = PBXBuildFile; fileRef = 9ECAFABE22E319D500953081 /* WebViewMessageService.swift */; };
		9ECAFAC322E33AF800953081 /* Utils.swift in Sources */ = {isa = PBXBuildFile; fileRef = 9ECAFAC222E33AF800953081 /* Utils.swift */; };
/* End PBXBuildFile section */

/* Begin PBXContainerItemProxy section */
		9E39025E22E230E5009D1A36 /* PBXContainerItemProxy */ = {
			isa = PBXContainerItemProxy;
			containerPortal = 9E39024222E230DD009D1A36 /* Project object */;
			proxyType = 1;
			remoteGlobalIDString = 9E39024922E230DE009D1A36;
			remoteInfo = ArtStationBot;
		};
		9E39026922E230E5009D1A36 /* PBXContainerItemProxy */ = {
			isa = PBXContainerItemProxy;
			containerPortal = 9E39024222E230DD009D1A36 /* Project object */;
			proxyType = 1;
			remoteGlobalIDString = 9E39024922E230DE009D1A36;
			remoteInfo = ArtStationBot;
		};
/* End PBXContainerItemProxy section */

/* Begin PBXCopyFilesBuildPhase section */
		9E15D0CF22E45C9300CC1453 /* Embed Frameworks */ = {
			isa = PBXCopyFilesBuildPhase;
			buildActionMask = 2147483647;
			dstPath = "";
			dstSubfolderSpec = 10;
			files = (
				9E0DDE3E22EDE7BB00C9DF84 /* libmongoc-1.0.0.0.0.dylib in Embed Frameworks */,
				9E0DDE3D22EDE7BB00C9DF84 /* libbson-1.0.0.0.0.dylib in Embed Frameworks */,
				9E15D0CE22E45C9300CC1453 /* DLLogger.framework in Embed Frameworks */,
				9E15D0D322E46C4500CC1453 /* DLDynamicSpace.framework in Embed Frameworks */,
			);
			name = "Embed Frameworks";
			runOnlyForDeploymentPostprocessing = 0;
		};
/* End PBXCopyFilesBuildPhase section */

/* Begin PBXFileReference section */
		9E044E5C22F0B4A7000D6780 /* User.h */ = {isa = PBXFileReference; lastKnownFileType = sourcecode.c.h; path = User.h; sourceTree = "<group>"; };
		9E044E5D22F0B4A7000D6780 /* User.m */ = {isa = PBXFileReference; lastKnownFileType = sourcecode.c.objc; path = User.m; sourceTree = "<group>"; };
		9E044E5F22F0B738000D6780 /* SampleProject.h */ = {isa = PBXFileReference; lastKnownFileType = sourcecode.c.h; path = SampleProject.h; sourceTree = "<group>"; };
		9E044E6022F0B738000D6780 /* SampleProject.m */ = {isa = PBXFileReference; lastKnownFileType = sourcecode.c.objc; path = SampleProject.m; sourceTree = "<group>"; };
		9E044E6222F0B7CE000D6780 /* Skill.h */ = {isa = PBXFileReference; lastKnownFileType = sourcecode.c.h; path = Skill.h; sourceTree = "<group>"; };
		9E044E6322F0B7CE000D6780 /* Skill.m */ = {isa = PBXFileReference; lastKnownFileType = sourcecode.c.objc; path = Skill.m; sourceTree = "<group>"; };
		9E044E6522F0B816000D6780 /* Software.h */ = {isa = PBXFileReference; lastKnownFileType = sourcecode.c.h; path = Software.h; sourceTree = "<group>"; };
		9E044E6622F0B816000D6780 /* Software.m */ = {isa = PBXFileReference; lastKnownFileType = sourcecode.c.objc; path = Software.m; sourceTree = "<group>"; };
		9E0DDE3922EDE7B100C9DF84 /* libbson-1.0.0.0.0.dylib */ = {isa = PBXFileReference; lastKnownFileType = "compiled.mach-o.dylib"; path = "libbson-1.0.0.0.0.dylib"; sourceTree = "<group>"; };
		9E0DDE3A22EDE7B100C9DF84 /* libmongoc-1.0.0.0.0.dylib */ = {isa = PBXFileReference; lastKnownFileType = "compiled.mach-o.dylib"; path = "libmongoc-1.0.0.0.0.dylib"; sourceTree = "<group>"; };
		9E15D0CB22E45C8C00CC1453 /* DLLogger.framework */ = {isa = PBXFileReference; lastKnownFileType = wrapper.framework; path = DLLogger.framework; sourceTree = "<group>"; };
		9E15D0D022E46C3300CC1453 /* DLDynamicSpace.framework */ = {isa = PBXFileReference; lastKnownFileType = wrapper.framework; path = DLDynamicSpace.framework; sourceTree = "<group>"; };
		9E22C2FC22E272F700772681 /* WebKitWindowController.swift */ = {isa = PBXFileReference; lastKnownFileType = sourcecode.swift; path = WebKitWindowController.swift; sourceTree = "<group>"; };
		9E296E3B22F35F99001BED13 /* CrawlService.h */ = {isa = PBXFileReference; lastKnownFileType = sourcecode.c.h; path = CrawlService.h; sourceTree = "<group>"; };
		9E296E3C22F35F99001BED13 /* CrawlService.m */ = {isa = PBXFileReference; lastKnownFileType = sourcecode.c.objc; path = CrawlService.m; sourceTree = "<group>"; };
		9E296E3E22F363BE001BED13 /* Constants.h */ = {isa = PBXFileReference; lastKnownFileType = sourcecode.c.h; path = Constants.h; sourceTree = "<group>"; };
		9E296E3F22F363BE001BED13 /* Constants.m */ = {isa = PBXFileReference; lastKnownFileType = sourcecode.c.objc; path = Constants.m; sourceTree = "<group>"; };
		9E296E4122F58437001BED13 /* Filters.h */ = {isa = PBXFileReference; lastKnownFileType = sourcecode.c.h; path = Filters.h; sourceTree = "<group>"; };
		9E296E4222F58437001BED13 /* Filters.m */ = {isa = PBXFileReference; lastKnownFileType = sourcecode.c.objc; path = Filters.m; sourceTree = "<group>"; };
		9E296E4422F58509001BED13 /* Country.h */ = {isa = PBXFileReference; lastKnownFileType = sourcecode.c.h; path = Country.h; sourceTree = "<group>"; };
		9E296E4522F58509001BED13 /* Country.m */ = {isa = PBXFileReference; lastKnownFileType = sourcecode.c.objc; path = Country.m; sourceTree = "<group>"; };
		9E296E4A22F59605001BED13 /* Availability.h */ = {isa = PBXFileReference; fileEncoding = 4; lastKnownFileType = sourcecode.c.h; path = Availability.h; sourceTree = "<group>"; };
		9E296E4B22F59605001BED13 /* Availability.m */ = {isa = PBXFileReference; fileEncoding = 4; lastKnownFileType = sourcecode.c.objc; path = Availability.m; sourceTree = "<group>"; };
		9E2F29FE22E474C500D5B28A /* en */ = {isa = PBXFileReference; lastKnownFileType = text.plist.strings; name = en; path = en.lproj/Localizable.strings; sourceTree = "<group>"; };
		9E39024A22E230DE009D1A36 /* ArtStationBot.app */ = {isa = PBXFileReference; explicitFileType = wrapper.application; includeInIndex = 0; path = ArtStationBot.app; sourceTree = BUILT_PRODUCTS_DIR; };
		9E39024D22E230DE009D1A36 /* AppDelegate.swift */ = {isa = PBXFileReference; lastKnownFileType = sourcecode.swift; path = AppDelegate.swift; sourceTree = "<group>"; };
		9E39025022E230DE009D1A36 /* ArtStationBot.xcdatamodel */ = {isa = PBXFileReference; lastKnownFileType = wrapper.xcdatamodel; path = ArtStationBot.xcdatamodel; sourceTree = "<group>"; };
		9E39025222E230E5009D1A36 /* Assets.xcassets */ = {isa = PBXFileReference; lastKnownFileType = folder.assetcatalog; path = Assets.xcassets; sourceTree = "<group>"; };
		9E39025722E230E5009D1A36 /* Info.plist */ = {isa = PBXFileReference; lastKnownFileType = text.plist.xml; path = Info.plist; sourceTree = "<group>"; };
		9E39025822E230E5009D1A36 /* ArtStationBot.entitlements */ = {isa = PBXFileReference; lastKnownFileType = text.plist.entitlements; path = ArtStationBot.entitlements; sourceTree = "<group>"; };
		9E39025D22E230E5009D1A36 /* ArtStationBotTests.xctest */ = {isa = PBXFileReference; explicitFileType = wrapper.cfbundle; includeInIndex = 0; path = ArtStationBotTests.xctest; sourceTree = BUILT_PRODUCTS_DIR; };
		9E39026122E230E5009D1A36 /* ArtStationBotTests.swift */ = {isa = PBXFileReference; lastKnownFileType = sourcecode.swift; path = ArtStationBotTests.swift; sourceTree = "<group>"; };
		9E39026322E230E5009D1A36 /* Info.plist */ = {isa = PBXFileReference; lastKnownFileType = text.plist.xml; path = Info.plist; sourceTree = "<group>"; };
		9E39026822E230E5009D1A36 /* ArtStationBotUITests.xctest */ = {isa = PBXFileReference; explicitFileType = wrapper.cfbundle; includeInIndex = 0; path = ArtStationBotUITests.xctest; sourceTree = BUILT_PRODUCTS_DIR; };
		9E39026C22E230E5009D1A36 /* ArtStationBotUITests.swift */ = {isa = PBXFileReference; lastKnownFileType = sourcecode.swift; path = ArtStationBotUITests.swift; sourceTree = "<group>"; };
		9E39026E22E230E5009D1A36 /* Info.plist */ = {isa = PBXFileReference; lastKnownFileType = text.plist.xml; path = Info.plist; sourceTree = "<group>"; };
		9E39027E22E236A8009D1A36 /* WebKitViewController.swift */ = {isa = PBXFileReference; lastKnownFileType = sourcecode.swift; path = WebKitViewController.swift; sourceTree = "<group>"; };
		9E39028B22E23A05009D1A36 /* MainWindowController.swift */ = {isa = PBXFileReference; lastKnownFileType = sourcecode.swift; path = MainWindowController.swift; sourceTree = "<group>"; };
		9E39029422E23C61009D1A36 /* UI.swift */ = {isa = PBXFileReference; lastKnownFileType = sourcecode.swift; path = UI.swift; sourceTree = "<group>"; };
		9E39029622E23CFE009D1A36 /* MainViewController.swift */ = {isa = PBXFileReference; lastKnownFileType = sourcecode.swift; path = MainViewController.swift; sourceTree = "<group>"; };
		9E39029822E240C7009D1A36 /* main.swift */ = {isa = PBXFileReference; lastKnownFileType = sourcecode.swift; path = main.swift; sourceTree = "<group>"; };
		9E3B992522E48713007C94A7 /* NetworkService.swift */ = {isa = PBXFileReference; lastKnownFileType = sourcecode.swift; path = NetworkService.swift; sourceTree = "<group>"; };
		9E3B992722E48A3E007C94A7 /* Enums.swift */ = {isa = PBXFileReference; lastKnownFileType = sourcecode.swift; path = Enums.swift; sourceTree = "<group>"; };
		9E4C607822F0D6650027B2BB /* ArtStationBotTests-Bridging-Header.h */ = {isa = PBXFileReference; lastKnownFileType = sourcecode.c.h; path = "ArtStationBotTests-Bridging-Header.h"; sourceTree = "<group>"; };
		9E5BD92222E644C900C972A9 /* ArtStationBot-Bridging-Header.h */ = {isa = PBXFileReference; lastKnownFileType = sourcecode.c.h; path = "ArtStationBot-Bridging-Header.h"; sourceTree = "<group>"; };
		9E5BD92322E644CA00C972A9 /* FoundationDBService.h */ = {isa = PBXFileReference; lastKnownFileType = sourcecode.c.h; path = FoundationDBService.h; sourceTree = "<group>"; };
		9E5BD92422E644CA00C972A9 /* FoundationDBService.m */ = {isa = PBXFileReference; lastKnownFileType = sourcecode.c.objc; path = FoundationDBService.m; sourceTree = "<group>"; };
		9E66CE0522EB92B300F748D9 /* config.plist */ = {isa = PBXFileReference; lastKnownFileType = text.plist.xml; path = config.plist; sourceTree = "<group>"; };
		9E70CFC822FDFD2A00BD1001 /* UserMessageState.h */ = {isa = PBXFileReference; lastKnownFileType = sourcecode.c.h; path = UserMessageState.h; sourceTree = "<group>"; };
		9E70CFC922FDFD2A00BD1001 /* UserMessageState.m */ = {isa = PBXFileReference; lastKnownFileType = sourcecode.c.objc; path = UserMessageState.m; sourceTree = "<group>"; };
		9E70E79722F74BBF009FF504 /* ModelUtils.h */ = {isa = PBXFileReference; lastKnownFileType = sourcecode.c.h; path = ModelUtils.h; sourceTree = "<group>"; };
		9E70E79822F74BBF009FF504 /* ModelUtils.m */ = {isa = PBXFileReference; lastKnownFileType = sourcecode.c.objc; path = ModelUtils.m; sourceTree = "<group>"; };
		9E70E79A22F74C60009FF504 /* StateData.h */ = {isa = PBXFileReference; lastKnownFileType = sourcecode.c.h; path = StateData.h; sourceTree = "<group>"; };
		9E70E79B22F74C60009FF504 /* StateData.m */ = {isa = PBXFileReference; lastKnownFileType = sourcecode.c.objc; path = StateData.m; sourceTree = "<group>"; };
		9E70E79D22F7526F009FF504 /* UserSearchResponse.h */ = {isa = PBXFileReference; lastKnownFileType = sourcecode.c.h; path = UserSearchResponse.h; sourceTree = "<group>"; };
		9E70E79E22F7526F009FF504 /* UserSearchResponse.m */ = {isa = PBXFileReference; lastKnownFileType = sourcecode.c.objc; path = UserSearchResponse.m; sourceTree = "<group>"; };
		9E70E7A022F88862009FF504 /* CrawlerState.h */ = {isa = PBXFileReference; lastKnownFileType = sourcecode.c.h; path = CrawlerState.h; sourceTree = "<group>"; };
		9E70E7A122F88862009FF504 /* CrawlerState.m */ = {isa = PBXFileReference; lastKnownFileType = sourcecode.c.objc; path = CrawlerState.m; sourceTree = "<group>"; };
		9E70E7A322F88A8D009FF504 /* FrontierService.h */ = {isa = PBXFileReference; lastKnownFileType = sourcecode.c.h; path = FrontierService.h; sourceTree = "<group>"; };
		9E70E7A422F88A8D009FF504 /* FrontierService.m */ = {isa = PBXFileReference; lastKnownFileType = sourcecode.c.objc; path = FrontierService.m; sourceTree = "<group>"; };
		9E70E7A922F8907C009FF504 /* UserFetchState.h */ = {isa = PBXFileReference; lastKnownFileType = sourcecode.c.h; path = UserFetchState.h; sourceTree = "<group>"; };
		9E70E7AA22F8907C009FF504 /* UserFetchState.m */ = {isa = PBXFileReference; lastKnownFileType = sourcecode.c.objc; path = UserFetchState.m; sourceTree = "<group>"; };
		9ECAFABA22E2FA6500953081 /* artstationbot.js */ = {isa = PBXFileReference; lastKnownFileType = sourcecode.javascript; path = artstationbot.js; sourceTree = "<group>"; };
		9ECAFABC22E3098500953081 /* ScriptResult.swift */ = {isa = PBXFileReference; lastKnownFileType = sourcecode.swift; path = ScriptResult.swift; sourceTree = "<group>"; };
		9ECAFABE22E319D500953081 /* WebViewMessageService.swift */ = {isa = PBXFileReference; lastKnownFileType = sourcecode.swift; path = WebViewMessageService.swift; sourceTree = "<group>"; };
		9ECAFAC222E33AF800953081 /* Utils.swift */ = {isa = PBXFileReference; lastKnownFileType = sourcecode.swift; path = Utils.swift; sourceTree = "<group>"; };
/* End PBXFileReference section */

/* Begin PBXFrameworksBuildPhase section */
		9E39024722E230DE009D1A36 /* Frameworks */ = {
			isa = PBXFrameworksBuildPhase;
			buildActionMask = 2147483647;
			files = (
				9E0DDE3C22EDE7B100C9DF84 /* libmongoc-1.0.0.0.0.dylib in Frameworks */,
				9E0DDE3B22EDE7B100C9DF84 /* libbson-1.0.0.0.0.dylib in Frameworks */,
				9E15D0CC22E45C8C00CC1453 /* DLLogger.framework in Frameworks */,
				9E15D0D122E46C3300CC1453 /* DLDynamicSpace.framework in Frameworks */,
			);
			runOnlyForDeploymentPostprocessing = 0;
		};
		9E39025A22E230E5009D1A36 /* Frameworks */ = {
			isa = PBXFrameworksBuildPhase;
			buildActionMask = 2147483647;
			files = (
			);
			runOnlyForDeploymentPostprocessing = 0;
		};
		9E39026522E230E5009D1A36 /* Frameworks */ = {
			isa = PBXFrameworksBuildPhase;
			buildActionMask = 2147483647;
			files = (
			);
			runOnlyForDeploymentPostprocessing = 0;
		};
/* End PBXFrameworksBuildPhase section */

/* Begin PBXGroup section */
		9E22C2FE22E2F8AE00772681 /* Scripts */ = {
			isa = PBXGroup;
			children = (
				9ECAFABA22E2FA6500953081 /* artstationbot.js */,
			);
			path = Scripts;
			sourceTree = "<group>";
		};
		9E39024122E230DD009D1A36 = {
			isa = PBXGroup;
			children = (
				9E39024C22E230DE009D1A36 /* ArtStationBot */,
				9E39026022E230E5009D1A36 /* ArtStationBotTests */,
				9E39026B22E230E5009D1A36 /* ArtStationBotUITests */,
				9E39024B22E230DE009D1A36 /* Products */,
				9E39028222E2395E009D1A36 /* Frameworks */,
			);
			sourceTree = "<group>";
		};
		9E39024B22E230DE009D1A36 /* Products */ = {
			isa = PBXGroup;
			children = (
				9E39024A22E230DE009D1A36 /* ArtStationBot.app */,
				9E39025D22E230E5009D1A36 /* ArtStationBotTests.xctest */,
				9E39026822E230E5009D1A36 /* ArtStationBotUITests.xctest */,
			);
			name = Products;
			sourceTree = "<group>";
		};
		9E39024C22E230DE009D1A36 /* ArtStationBot */ = {
			isa = PBXGroup;
			children = (
				9E5BD91B22E643F000C972A9 /* Libs */,
				9E22C2FE22E2F8AE00772681 /* Scripts */,
				9E39029322E23BD5009D1A36 /* Frameworks */,
				9E39027D22E23428009D1A36 /* Model */,
				9E39027C22E23422009D1A36 /* Service */,
				9E39027B22E2341E009D1A36 /* View */,
				9E39027A22E23415009D1A36 /* ViewController */,
				9E39024D22E230DE009D1A36 /* AppDelegate.swift */,
				9E296E3E22F363BE001BED13 /* Constants.h */,
				9E296E3F22F363BE001BED13 /* Constants.m */,
				9E3B992722E48A3E007C94A7 /* Enums.swift */,
				9ECAFAC222E33AF800953081 /* Utils.swift */,
				9E39029822E240C7009D1A36 /* main.swift */,
				9E66CE0522EB92B300F748D9 /* config.plist */,
				9E2F29FD22E474C400D5B28A /* Localizable.strings */,
				9E39025222E230E5009D1A36 /* Assets.xcassets */,
				9E39025722E230E5009D1A36 /* Info.plist */,
				9E39025822E230E5009D1A36 /* ArtStationBot.entitlements */,
			);
			path = ArtStationBot;
			sourceTree = "<group>";
		};
		9E39026022E230E5009D1A36 /* ArtStationBotTests */ = {
			isa = PBXGroup;
			children = (
				9E39026122E230E5009D1A36 /* ArtStationBotTests.swift */,
				9E39026322E230E5009D1A36 /* Info.plist */,
				9E4C607822F0D6650027B2BB /* ArtStationBotTests-Bridging-Header.h */,
			);
			path = ArtStationBotTests;
			sourceTree = "<group>";
		};
		9E39026B22E230E5009D1A36 /* ArtStationBotUITests */ = {
			isa = PBXGroup;
			children = (
				9E39026C22E230E5009D1A36 /* ArtStationBotUITests.swift */,
				9E39026E22E230E5009D1A36 /* Info.plist */,
			);
			path = ArtStationBotUITests;
			sourceTree = "<group>";
		};
		9E39027A22E23415009D1A36 /* ViewController */ = {
			isa = PBXGroup;
			children = (
				9E39028B22E23A05009D1A36 /* MainWindowController.swift */,
				9E39029622E23CFE009D1A36 /* MainViewController.swift */,
				9E39027E22E236A8009D1A36 /* WebKitViewController.swift */,
				9E22C2FC22E272F700772681 /* WebKitWindowController.swift */,
			);
			path = ViewController;
			sourceTree = "<group>";
		};
		9E39027B22E2341E009D1A36 /* View */ = {
			isa = PBXGroup;
			children = (
				9E39029422E23C61009D1A36 /* UI.swift */,
			);
			path = View;
			sourceTree = "<group>";
		};
		9E39027C22E23422009D1A36 /* Service */ = {
			isa = PBXGroup;
			children = (
				9E296E3B22F35F99001BED13 /* CrawlService.h */,
				9E296E3C22F35F99001BED13 /* CrawlService.m */,
				9E5BD92322E644CA00C972A9 /* FoundationDBService.h */,
				9E5BD92422E644CA00C972A9 /* FoundationDBService.m */,
				9E70E7A322F88A8D009FF504 /* FrontierService.h */,
				9E70E7A422F88A8D009FF504 /* FrontierService.m */,
				9E3B992522E48713007C94A7 /* NetworkService.swift */,
				9ECAFABE22E319D500953081 /* WebViewMessageService.swift */,
				9E5BD92222E644C900C972A9 /* ArtStationBot-Bridging-Header.h */,
			);
			path = Service;
			sourceTree = "<group>";
		};
		9E39027D22E23428009D1A36 /* Model */ = {
			isa = PBXGroup;
			children = (
				9E39024F22E230DE009D1A36 /* ArtStationBot.xcdatamodeld */,
				9E296E4A22F59605001BED13 /* Availability.h */,
				9E296E4B22F59605001BED13 /* Availability.m */,
				9E296E4422F58509001BED13 /* Country.h */,
				9E296E4522F58509001BED13 /* Country.m */,
				9E70E7A022F88862009FF504 /* CrawlerState.h */,
				9E70E7A122F88862009FF504 /* CrawlerState.m */,
				9E296E4122F58437001BED13 /* Filters.h */,
				9E296E4222F58437001BED13 /* Filters.m */,
				9E044E5F22F0B738000D6780 /* SampleProject.h */,
				9E044E6022F0B738000D6780 /* SampleProject.m */,
				9ECAFABC22E3098500953081 /* ScriptResult.swift */,
				9E044E6222F0B7CE000D6780 /* Skill.h */,
				9E044E6322F0B7CE000D6780 /* Skill.m */,
				9E044E6522F0B816000D6780 /* Software.h */,
				9E044E6622F0B816000D6780 /* Software.m */,
				9E044E5C22F0B4A7000D6780 /* User.h */,
				9E044E5D22F0B4A7000D6780 /* User.m */,
				9E70E79722F74BBF009FF504 /* ModelUtils.h */,
				9E70E79822F74BBF009FF504 /* ModelUtils.m */,
				9E70E79A22F74C60009FF504 /* StateData.h */,
				9E70E79B22F74C60009FF504 /* StateData.m */,
				9E70E7A922F8907C009FF504 /* UserFetchState.h */,
				9E70E7AA22F8907C009FF504 /* UserFetchState.m */,
				9E70CFC822FDFD2A00BD1001 /* UserMessageState.h */,
				9E70CFC922FDFD2A00BD1001 /* UserMessageState.m */,
				9E70E79D22F7526F009FF504 /* UserSearchResponse.h */,
				9E70E79E22F7526F009FF504 /* UserSearchResponse.m */,
			);
			path = Model;
			sourceTree = "<group>";
		};
		9E39028222E2395E009D1A36 /* Frameworks */ = {
			isa = PBXGroup;
			children = (
			);
			name = Frameworks;
			sourceTree = "<group>";
		};
		9E39029322E23BD5009D1A36 /* Frameworks */ = {
			isa = PBXGroup;
			children = (
				9E0DDE3922EDE7B100C9DF84 /* libbson-1.0.0.0.0.dylib */,
				9E0DDE3A22EDE7B100C9DF84 /* libmongoc-1.0.0.0.0.dylib */,
				9E15D0D022E46C3300CC1453 /* DLDynamicSpace.framework */,
				9E15D0CB22E45C8C00CC1453 /* DLLogger.framework */,
			);
			path = Frameworks;
			sourceTree = "<group>";
		};
		9E5BD91B22E643F000C972A9 /* Libs */ = {
			isa = PBXGroup;
			children = (
			);
			path = Libs;
			sourceTree = "<group>";
		};
/* End PBXGroup section */

/* Begin PBXNativeTarget section */
		9E39024922E230DE009D1A36 /* ArtStationBot */ = {
			isa = PBXNativeTarget;
			buildConfigurationList = 9E39027122E230E5009D1A36 /* Build configuration list for PBXNativeTarget "ArtStationBot" */;
			buildPhases = (
				9E39024622E230DE009D1A36 /* Sources */,
				9E15D0CF22E45C9300CC1453 /* Embed Frameworks */,
				9E39024722E230DE009D1A36 /* Frameworks */,
				9E39024822E230DE009D1A36 /* Resources */,
			);
			buildRules = (
			);
			dependencies = (
			);
			name = ArtStationBot;
			productName = ArtStationBot;
			productReference = 9E39024A22E230DE009D1A36 /* ArtStationBot.app */;
			productType = "com.apple.product-type.application";
		};
		9E39025C22E230E5009D1A36 /* ArtStationBotTests */ = {
			isa = PBXNativeTarget;
			buildConfigurationList = 9E39027422E230E5009D1A36 /* Build configuration list for PBXNativeTarget "ArtStationBotTests" */;
			buildPhases = (
				9E39025922E230E5009D1A36 /* Sources */,
				9E39025A22E230E5009D1A36 /* Frameworks */,
				9E39025B22E230E5009D1A36 /* Resources */,
			);
			buildRules = (
			);
			dependencies = (
				9E39025F22E230E5009D1A36 /* PBXTargetDependency */,
			);
			name = ArtStationBotTests;
			productName = ArtStationBotTests;
			productReference = 9E39025D22E230E5009D1A36 /* ArtStationBotTests.xctest */;
			productType = "com.apple.product-type.bundle.unit-test";
		};
		9E39026722E230E5009D1A36 /* ArtStationBotUITests */ = {
			isa = PBXNativeTarget;
			buildConfigurationList = 9E39027722E230E5009D1A36 /* Build configuration list for PBXNativeTarget "ArtStationBotUITests" */;
			buildPhases = (
				9E39026422E230E5009D1A36 /* Sources */,
				9E39026522E230E5009D1A36 /* Frameworks */,
				9E39026622E230E5009D1A36 /* Resources */,
			);
			buildRules = (
			);
			dependencies = (
				9E39026A22E230E5009D1A36 /* PBXTargetDependency */,
			);
			name = ArtStationBotUITests;
			productName = ArtStationBotUITests;
			productReference = 9E39026822E230E5009D1A36 /* ArtStationBotUITests.xctest */;
			productType = "com.apple.product-type.bundle.ui-testing";
		};
/* End PBXNativeTarget section */

/* Begin PBXProject section */
		9E39024222E230DD009D1A36 /* Project object */ = {
			isa = PBXProject;
			attributes = {
				LastSwiftUpdateCheck = 1020;
				LastUpgradeCheck = 1020;
				ORGANIZATIONNAME = "";
				TargetAttributes = {
					9E39024922E230DE009D1A36 = {
						CreatedOnToolsVersion = 10.2.1;
						LastSwiftMigration = 1020;
						SystemCapabilities = {
							com.apple.Sandbox = {
								enabled = 0;
							};
						};
					};
					9E39025C22E230E5009D1A36 = {
						CreatedOnToolsVersion = 10.2.1;
						LastSwiftMigration = 1020;
						TestTargetID = 9E39024922E230DE009D1A36;
					};
					9E39026722E230E5009D1A36 = {
						CreatedOnToolsVersion = 10.2.1;
						TestTargetID = 9E39024922E230DE009D1A36;
					};
				};
			};
			buildConfigurationList = 9E39024522E230DD009D1A36 /* Build configuration list for PBXProject "ArtStationBot" */;
			compatibilityVersion = "Xcode 9.3";
			developmentRegion = en;
			hasScannedForEncodings = 0;
			knownRegions = (
				Base,
				en,
			);
			mainGroup = 9E39024122E230DD009D1A36;
			productRefGroup = 9E39024B22E230DE009D1A36 /* Products */;
			projectDirPath = "";
			projectRoot = "";
			targets = (
				9E39024922E230DE009D1A36 /* ArtStationBot */,
				9E39025C22E230E5009D1A36 /* ArtStationBotTests */,
				9E39026722E230E5009D1A36 /* ArtStationBotUITests */,
			);
		};
/* End PBXProject section */

/* Begin PBXResourcesBuildPhase section */
		9E39024822E230DE009D1A36 /* Resources */ = {
			isa = PBXResourcesBuildPhase;
			buildActionMask = 2147483647;
			files = (
				9E39025322E230E5009D1A36 /* Assets.xcassets in Resources */,
				9E2F29FF22E474C500D5B28A /* Localizable.strings in Resources */,
				9E66CE0622EB92B300F748D9 /* config.plist in Resources */,
				9ECAFABB22E2FA6500953081 /* artstationbot.js in Resources */,
			);
			runOnlyForDeploymentPostprocessing = 0;
		};
		9E39025B22E230E5009D1A36 /* Resources */ = {
			isa = PBXResourcesBuildPhase;
			buildActionMask = 2147483647;
			files = (
			);
			runOnlyForDeploymentPostprocessing = 0;
		};
		9E39026622E230E5009D1A36 /* Resources */ = {
			isa = PBXResourcesBuildPhase;
			buildActionMask = 2147483647;
			files = (
			);
			runOnlyForDeploymentPostprocessing = 0;
		};
/* End PBXResourcesBuildPhase section */

/* Begin PBXSourcesBuildPhase section */
		9E39024622E230DE009D1A36 /* Sources */ = {
			isa = PBXSourcesBuildPhase;
			buildActionMask = 2147483647;
			files = (
				9E22C2FD22E272F700772681 /* WebKitWindowController.swift in Sources */,
				9E39029722E23CFE009D1A36 /* MainViewController.swift in Sources */,
				9E044E6722F0B816000D6780 /* Software.m in Sources */,
				9E044E5E22F0B4A7000D6780 /* User.m in Sources */,
				9E044E6122F0B738000D6780 /* SampleProject.m in Sources */,
				9E296E4022F363BE001BED13 /* Constants.m in Sources */,
				9E39029922E240C7009D1A36 /* main.swift in Sources */,
				9E70E79C22F74C60009FF504 /* StateData.m in Sources */,
				9E39025122E230DE009D1A36 /* ArtStationBot.xcdatamodeld in Sources */,
				9E296E4622F58509001BED13 /* Country.m in Sources */,
				9E70E7A522F88A8D009FF504 /* FrontierService.m in Sources */,
				9E39024E22E230DE009D1A36 /* AppDelegate.swift in Sources */,
				9E296E4C22F59605001BED13 /* Availability.m in Sources */,
				9ECAFAC322E33AF800953081 /* Utils.swift in Sources */,
				9E044E6422F0B7CE000D6780 /* Skill.m in Sources */,
				9E70E7A222F88862009FF504 /* CrawlerState.m in Sources */,
				9E39028C22E23A05009D1A36 /* MainWindowController.swift in Sources */,
				9ECAFABF22E319D500953081 /* WebViewMessageService.swift in Sources */,
				9E39029522E23C61009D1A36 /* UI.swift in Sources */,
				9E3B992622E48713007C94A7 /* NetworkService.swift in Sources */,
				9E70E79922F74BBF009FF504 /* ModelUtils.m in Sources */,
				9E39027F22E236A8009D1A36 /* WebKitViewController.swift in Sources */,
				9E70CFCA22FDFD2A00BD1001 /* UserMessageState.m in Sources */,
				9E296E4322F58437001BED13 /* Filters.m in Sources */,
				9E296E3D22F35F99001BED13 /* CrawlService.m in Sources */,
				9E3B992822E48A3E007C94A7 /* Enums.swift in Sources */,
				9E5BD92522E644CA00C972A9 /* FoundationDBService.m in Sources */,
				9ECAFABD22E3098500953081 /* ScriptResult.swift in Sources */,
				9E70E79F22F7526F009FF504 /* UserSearchResponse.m in Sources */,
				9E70E7AB22F8907C009FF504 /* UserFetchState.m in Sources */,
			);
			runOnlyForDeploymentPostprocessing = 0;
		};
		9E39025922E230E5009D1A36 /* Sources */ = {
			isa = PBXSourcesBuildPhase;
			buildActionMask = 2147483647;
			files = (
				9E4C607F22F0D6C50027B2BB /* User.m in Sources */,
				9E4C607B22F0D6B90027B2BB /* FoundationDBService.m in Sources */,
				9E4C607E22F0D6C50027B2BB /* Software.m in Sources */,
				9E4C607D22F0D6C50027B2BB /* Skill.m in Sources */,
				9E39026222E230E5009D1A36 /* ArtStationBotTests.swift in Sources */,
				9E4C607C22F0D6C50027B2BB /* SampleProject.m in Sources */,
			);
			runOnlyForDeploymentPostprocessing = 0;
		};
		9E39026422E230E5009D1A36 /* Sources */ = {
			isa = PBXSourcesBuildPhase;
			buildActionMask = 2147483647;
			files = (
				9E39026D22E230E5009D1A36 /* ArtStationBotUITests.swift in Sources */,
			);
			runOnlyForDeploymentPostprocessing = 0;
		};
/* End PBXSourcesBuildPhase section */

/* Begin PBXTargetDependency section */
		9E39025F22E230E5009D1A36 /* PBXTargetDependency */ = {
			isa = PBXTargetDependency;
			target = 9E39024922E230DE009D1A36 /* ArtStationBot */;
			targetProxy = 9E39025E22E230E5009D1A36 /* PBXContainerItemProxy */;
		};
		9E39026A22E230E5009D1A36 /* PBXTargetDependency */ = {
			isa = PBXTargetDependency;
			target = 9E39024922E230DE009D1A36 /* ArtStationBot */;
			targetProxy = 9E39026922E230E5009D1A36 /* PBXContainerItemProxy */;
		};
/* End PBXTargetDependency section */

/* Begin PBXVariantGroup section */
		9E2F29FD22E474C400D5B28A /* Localizable.strings */ = {
			isa = PBXVariantGroup;
			children = (
				9E2F29FE22E474C500D5B28A /* en */,
			);
			name = Localizable.strings;
			sourceTree = "<group>";
		};
/* End PBXVariantGroup section */

/* Begin XCBuildConfiguration section */
		9E39026F22E230E5009D1A36 /* Debug */ = {
			isa = XCBuildConfiguration;
			buildSettings = {
				ALWAYS_SEARCH_USER_PATHS = NO;
				CLANG_ANALYZER_NONNULL = YES;
				CLANG_ANALYZER_NUMBER_OBJECT_CONVERSION = YES_AGGRESSIVE;
				CLANG_CXX_LANGUAGE_STANDARD = "gnu++14";
				CLANG_CXX_LIBRARY = "libc++";
				CLANG_ENABLE_MODULES = YES;
				CLANG_ENABLE_OBJC_ARC = YES;
				CLANG_ENABLE_OBJC_WEAK = YES;
				CLANG_WARN_BLOCK_CAPTURE_AUTORELEASING = YES;
				CLANG_WARN_BOOL_CONVERSION = YES;
				CLANG_WARN_COMMA = YES;
				CLANG_WARN_CONSTANT_CONVERSION = YES;
				CLANG_WARN_DEPRECATED_OBJC_IMPLEMENTATIONS = YES;
				CLANG_WARN_DIRECT_OBJC_ISA_USAGE = YES_ERROR;
				CLANG_WARN_DOCUMENTATION_COMMENTS = YES;
				CLANG_WARN_EMPTY_BODY = YES;
				CLANG_WARN_ENUM_CONVERSION = YES;
				CLANG_WARN_INFINITE_RECURSION = YES;
				CLANG_WARN_INT_CONVERSION = YES;
				CLANG_WARN_NON_LITERAL_NULL_CONVERSION = YES;
				CLANG_WARN_OBJC_IMPLICIT_RETAIN_SELF = YES;
				CLANG_WARN_OBJC_LITERAL_CONVERSION = YES;
				CLANG_WARN_OBJC_ROOT_CLASS = YES_ERROR;
				CLANG_WARN_RANGE_LOOP_ANALYSIS = YES;
				CLANG_WARN_STRICT_PROTOTYPES = YES;
				CLANG_WARN_SUSPICIOUS_MOVE = YES;
				CLANG_WARN_UNGUARDED_AVAILABILITY = YES_AGGRESSIVE;
				CLANG_WARN_UNREACHABLE_CODE = YES;
				CLANG_WARN__DUPLICATE_METHOD_MATCH = YES;
				CODE_SIGN_IDENTITY = "Mac Developer";
				COPY_PHASE_STRIP = NO;
				DEBUG_INFORMATION_FORMAT = dwarf;
				ENABLE_STRICT_OBJC_MSGSEND = YES;
				ENABLE_TESTABILITY = YES;
				GCC_C_LANGUAGE_STANDARD = gnu11;
				GCC_DYNAMIC_NO_PIC = NO;
				GCC_NO_COMMON_BLOCKS = YES;
				GCC_OPTIMIZATION_LEVEL = 0;
				GCC_PREPROCESSOR_DEFINITIONS = (
					"DEBUG=1",
					"$(inherited)",
				);
				GCC_WARN_64_TO_32_BIT_CONVERSION = YES;
				GCC_WARN_ABOUT_RETURN_TYPE = YES_ERROR;
				GCC_WARN_UNDECLARED_SELECTOR = YES;
				GCC_WARN_UNINITIALIZED_AUTOS = YES_AGGRESSIVE;
				GCC_WARN_UNUSED_FUNCTION = YES;
				GCC_WARN_UNUSED_VARIABLE = YES;
				MACOSX_DEPLOYMENT_TARGET = 10.13;
				MTL_ENABLE_DEBUG_INFO = INCLUDE_SOURCE;
				MTL_FAST_MATH = YES;
				ONLY_ACTIVE_ARCH = YES;
				SDKROOT = macosx;
				SWIFT_ACTIVE_COMPILATION_CONDITIONS = DEBUG;
				SWIFT_OPTIMIZATION_LEVEL = "-Onone";
			};
			name = Debug;
		};
		9E39027022E230E5009D1A36 /* Release */ = {
			isa = XCBuildConfiguration;
			buildSettings = {
				ALWAYS_SEARCH_USER_PATHS = NO;
				CLANG_ANALYZER_NONNULL = YES;
				CLANG_ANALYZER_NUMBER_OBJECT_CONVERSION = YES_AGGRESSIVE;
				CLANG_CXX_LANGUAGE_STANDARD = "gnu++14";
				CLANG_CXX_LIBRARY = "libc++";
				CLANG_ENABLE_MODULES = YES;
				CLANG_ENABLE_OBJC_ARC = YES;
				CLANG_ENABLE_OBJC_WEAK = YES;
				CLANG_WARN_BLOCK_CAPTURE_AUTORELEASING = YES;
				CLANG_WARN_BOOL_CONVERSION = YES;
				CLANG_WARN_COMMA = YES;
				CLANG_WARN_CONSTANT_CONVERSION = YES;
				CLANG_WARN_DEPRECATED_OBJC_IMPLEMENTATIONS = YES;
				CLANG_WARN_DIRECT_OBJC_ISA_USAGE = YES_ERROR;
				CLANG_WARN_DOCUMENTATION_COMMENTS = YES;
				CLANG_WARN_EMPTY_BODY = YES;
				CLANG_WARN_ENUM_CONVERSION = YES;
				CLANG_WARN_INFINITE_RECURSION = YES;
				CLANG_WARN_INT_CONVERSION = YES;
				CLANG_WARN_NON_LITERAL_NULL_CONVERSION = YES;
				CLANG_WARN_OBJC_IMPLICIT_RETAIN_SELF = YES;
				CLANG_WARN_OBJC_LITERAL_CONVERSION = YES;
				CLANG_WARN_OBJC_ROOT_CLASS = YES_ERROR;
				CLANG_WARN_RANGE_LOOP_ANALYSIS = YES;
				CLANG_WARN_STRICT_PROTOTYPES = YES;
				CLANG_WARN_SUSPICIOUS_MOVE = YES;
				CLANG_WARN_UNGUARDED_AVAILABILITY = YES_AGGRESSIVE;
				CLANG_WARN_UNREACHABLE_CODE = YES;
				CLANG_WARN__DUPLICATE_METHOD_MATCH = YES;
				CODE_SIGN_IDENTITY = "Mac Developer";
				COPY_PHASE_STRIP = NO;
				DEBUG_INFORMATION_FORMAT = "dwarf-with-dsym";
				ENABLE_NS_ASSERTIONS = NO;
				ENABLE_STRICT_OBJC_MSGSEND = YES;
				GCC_C_LANGUAGE_STANDARD = gnu11;
				GCC_NO_COMMON_BLOCKS = YES;
				GCC_WARN_64_TO_32_BIT_CONVERSION = YES;
				GCC_WARN_ABOUT_RETURN_TYPE = YES_ERROR;
				GCC_WARN_UNDECLARED_SELECTOR = YES;
				GCC_WARN_UNINITIALIZED_AUTOS = YES_AGGRESSIVE;
				GCC_WARN_UNUSED_FUNCTION = YES;
				GCC_WARN_UNUSED_VARIABLE = YES;
				MACOSX_DEPLOYMENT_TARGET = 10.13;
				MTL_ENABLE_DEBUG_INFO = NO;
				MTL_FAST_MATH = YES;
				SDKROOT = macosx;
				SWIFT_COMPILATION_MODE = wholemodule;
				SWIFT_OPTIMIZATION_LEVEL = "-O";
			};
			name = Release;
		};
		9E39027222E230E5009D1A36 /* Debug */ = {
			isa = XCBuildConfiguration;
			buildSettings = {
				ALWAYS_SEARCH_USER_PATHS = NO;
				ASSETCATALOG_COMPILER_APPICON_NAME = AppIcon;
				CLANG_ENABLE_MODULES = YES;
				CLANG_WARN_STRICT_PROTOTYPES = YES;
				CODE_SIGN_STYLE = Automatic;
				COMBINE_HIDPI_IMAGES = YES;
				DEFINES_MODULE = YES;
				DEVELOPMENT_TEAM = 7S7UE44956;
				FRAMEWORK_SEARCH_PATHS = (
					"$(inherited)",
					"$(PROJECT_DIR)/ArtStationBot/Frameworks",
				);
				HEADER_SEARCH_PATHS = (
					"/usr/local/include/libmongoc-1.0",
					"/usr/local/include/libbson-1.0",
				);
				INFOPLIST_FILE = ArtStationBot/Info.plist;
				LD_RUNPATH_SEARCH_PATHS = (
					"$(inherited)",
					"@executable_path/../Frameworks",
				);
				LIBRARY_SEARCH_PATHS = (
					"$(inherited)",
					"$(PROJECT_DIR)/ArtStationBot/Libs",
					"$(PROJECT_DIR)/ArtStationBot/Frameworks",
					/usr/local/lib/,
				);
				MACOSX_DEPLOYMENT_TARGET = 10.13;
				PRODUCT_BUNDLE_IDENTIFIER = com.example.ArtStationBot;
				PRODUCT_NAME = "$(TARGET_NAME)";
				SWIFT_OBJC_BRIDGING_HEADER = "ArtStationBot/Service/ArtStationBot-Bridging-Header.h";
				SWIFT_OPTIMIZATION_LEVEL = "-Onone";
				SWIFT_VERSION = 5.0;
				SYSTEM_FRAMEWORK_SEARCH_PATHS = "";
				SYSTEM_HEADER_SEARCH_PATHS = "";
				USER_HEADER_SEARCH_PATHS = "";
			};
			name = Debug;
		};
		9E39027322E230E5009D1A36 /* Release */ = {
			isa = XCBuildConfiguration;
			buildSettings = {
				ALWAYS_SEARCH_USER_PATHS = NO;
				ASSETCATALOG_COMPILER_APPICON_NAME = AppIcon;
				CLANG_ENABLE_MODULES = YES;
				CLANG_WARN_STRICT_PROTOTYPES = YES;
				CODE_SIGN_STYLE = Automatic;
				COMBINE_HIDPI_IMAGES = YES;
				DEFINES_MODULE = YES;
				DEVELOPMENT_TEAM = 7S7UE44956;
				FRAMEWORK_SEARCH_PATHS = (
					"$(inherited)",
					"$(PROJECT_DIR)/ArtStationBot/Frameworks",
				);
				HEADER_SEARCH_PATHS = (
					"/usr/local/include/libmongoc-1.0",
					"/usr/local/include/libbson-1.0",
				);
				INFOPLIST_FILE = ArtStationBot/Info.plist;
				LD_RUNPATH_SEARCH_PATHS = (
					"$(inherited)",
					"@executable_path/../Frameworks",
				);
				LIBRARY_SEARCH_PATHS = (
					"$(inherited)",
					"$(PROJECT_DIR)/ArtStationBot/Libs",
					"$(PROJECT_DIR)/ArtStationBot/Frameworks",
					/usr/local/lib/,
				);
				MACOSX_DEPLOYMENT_TARGET = 10.13;
				PRODUCT_BUNDLE_IDENTIFIER = com.example.ArtStationBot;
				PRODUCT_NAME = "$(TARGET_NAME)";
				SWIFT_OBJC_BRIDGING_HEADER = "ArtStationBot/Service/ArtStationBot-Bridging-Header.h";
				SWIFT_VERSION = 5.0;
				SYSTEM_FRAMEWORK_SEARCH_PATHS = "";
				SYSTEM_HEADER_SEARCH_PATHS = "";
				USER_HEADER_SEARCH_PATHS = "";
			};
			name = Release;
		};
		9E39027522E230E5009D1A36 /* Debug */ = {
			isa = XCBuildConfiguration;
			buildSettings = {
				ALWAYS_EMBED_SWIFT_STANDARD_LIBRARIES = YES;
				BUNDLE_LOADER = "$(TEST_HOST)";
				CLANG_ENABLE_MODULES = YES;
				CODE_SIGN_STYLE = Automatic;
				COMBINE_HIDPI_IMAGES = YES;
				DEVELOPMENT_TEAM = 7S7UE44956;
				INFOPLIST_FILE = ArtStationBotTests/Info.plist;
				LD_RUNPATH_SEARCH_PATHS = (
					"$(inherited)",
					"@executable_path/../Frameworks",
					"@loader_path/../Frameworks",
				);
				PRODUCT_BUNDLE_IDENTIFIER = com.dreamlisp.ArtStationBotTests;
				PRODUCT_NAME = "$(TARGET_NAME)";
				SWIFT_OBJC_BRIDGING_HEADER = "ArtStationBotTests/ArtStationBotTests-Bridging-Header.h";
				SWIFT_OPTIMIZATION_LEVEL = "-Onone";
				SWIFT_VERSION = 5.0;
				TEST_HOST = "$(BUILT_PRODUCTS_DIR)/ArtStationBot.app/Contents/MacOS/ArtStationBot";
			};
			name = Debug;
		};
		9E39027622E230E5009D1A36 /* Release */ = {
			isa = XCBuildConfiguration;
			buildSettings = {
				ALWAYS_EMBED_SWIFT_STANDARD_LIBRARIES = YES;
				BUNDLE_LOADER = "$(TEST_HOST)";
				CLANG_ENABLE_MODULES = YES;
				CODE_SIGN_STYLE = Automatic;
				COMBINE_HIDPI_IMAGES = YES;
				DEVELOPMENT_TEAM = 7S7UE44956;
				INFOPLIST_FILE = ArtStationBotTests/Info.plist;
				LD_RUNPATH_SEARCH_PATHS = (
					"$(inherited)",
					"@executable_path/../Frameworks",
					"@loader_path/../Frameworks",
				);
				PRODUCT_BUNDLE_IDENTIFIER = com.dreamlisp.ArtStationBotTests;
				PRODUCT_NAME = "$(TARGET_NAME)";
				SWIFT_OBJC_BRIDGING_HEADER = "ArtStationBotTests/ArtStationBotTests-Bridging-Header.h";
				SWIFT_VERSION = 5.0;
				TEST_HOST = "$(BUILT_PRODUCTS_DIR)/ArtStationBot.app/Contents/MacOS/ArtStationBot";
			};
			name = Release;
		};
		9E39027822E230E5009D1A36 /* Debug */ = {
			isa = XCBuildConfiguration;
			buildSettings = {
				ALWAYS_EMBED_SWIFT_STANDARD_LIBRARIES = YES;
				CODE_SIGN_STYLE = Automatic;
				COMBINE_HIDPI_IMAGES = YES;
				DEVELOPMENT_TEAM = 7S7UE44956;
				INFOPLIST_FILE = ArtStationBotUITests/Info.plist;
				LD_RUNPATH_SEARCH_PATHS = (
					"$(inherited)",
					"@executable_path/../Frameworks",
					"@loader_path/../Frameworks",
				);
				PRODUCT_BUNDLE_IDENTIFIER = com.dreamlisp.ArtStationBotUITests;
				PRODUCT_NAME = "$(TARGET_NAME)";
				SWIFT_VERSION = 5.0;
				TEST_TARGET_NAME = ArtStationBot;
			};
			name = Debug;
		};
		9E39027922E230E5009D1A36 /* Release */ = {
			isa = XCBuildConfiguration;
			buildSettings = {
				ALWAYS_EMBED_SWIFT_STANDARD_LIBRARIES = YES;
				CODE_SIGN_STYLE = Automatic;
				COMBINE_HIDPI_IMAGES = YES;
				DEVELOPMENT_TEAM = 7S7UE44956;
				INFOPLIST_FILE = ArtStationBotUITests/Info.plist;
				LD_RUNPATH_SEARCH_PATHS = (
					"$(inherited)",
					"@executable_path/../Frameworks",
					"@loader_path/../Frameworks",
				);
				PRODUCT_BUNDLE_IDENTIFIER = com.dreamlisp.ArtStationBotUITests;
				PRODUCT_NAME = "$(TARGET_NAME)";
				SWIFT_VERSION = 5.0;
				TEST_TARGET_NAME = ArtStationBot;
			};
			name = Release;
		};
/* End XCBuildConfiguration section */

/* Begin XCConfigurationList section */
		9E39024522E230DD009D1A36 /* Build configuration list for PBXProject "ArtStationBot" */ = {
			isa = XCConfigurationList;
			buildConfigurations = (
				9E39026F22E230E5009D1A36 /* Debug */,
				9E39027022E230E5009D1A36 /* Release */,
			);
			defaultConfigurationIsVisible = 0;
			defaultConfigurationName = Release;
		};
		9E39027122E230E5009D1A36 /* Build configuration list for PBXNativeTarget "ArtStationBot" */ = {
			isa = XCConfigurationList;
			buildConfigurations = (
				9E39027222E230E5009D1A36 /* Debug */,
				9E39027322E230E5009D1A36 /* Release */,
			);
			defaultConfigurationIsVisible = 0;
			defaultConfigurationName = Release;
		};
		9E39027422E230E5009D1A36 /* Build configuration list for PBXNativeTarget "ArtStationBotTests" */ = {
			isa = XCConfigurationList;
			buildConfigurations = (
				9E39027522E230E5009D1A36 /* Debug */,
				9E39027622E230E5009D1A36 /* Release */,
			);
			defaultConfigurationIsVisible = 0;
			defaultConfigurationName = Release;
		};
		9E39027722E230E5009D1A36 /* Build configuration list for PBXNativeTarget "ArtStationBotUITests" */ = {
			isa = XCConfigurationList;
			buildConfigurations = (
				9E39027822E230E5009D1A36 /* Debug */,
				9E39027922E230E5009D1A36 /* Release */,
			);
			defaultConfigurationIsVisible = 0;
			defaultConfigurationName = Release;
		};
/* End XCConfigurationList section */

/* Begin XCVersionGroup section */
		9E39024F22E230DE009D1A36 /* ArtStationBot.xcdatamodeld */ = {
			isa = XCVersionGroup;
			children = (
				9E39025022E230DE009D1A36 /* ArtStationBot.xcdatamodel */,
			);
			currentVersion = 9E39025022E230DE009D1A36 /* ArtStationBot.xcdatamodel */;
			path = ArtStationBot.xcdatamodeld;
			sourceTree = "<group>";
			versionGroupType = wrapper.xcdatamodel;
		};
/* End XCVersionGroup section */
	};
	rootObject = 9E39024222E230DD009D1A36 /* Project object */;
}
